
Microsoft Visual Studio Solution File, Format Version 12.00
# Visual Studio Version 17
VisualStudioVersion = 17.13.35931.197 d17.13
MinimumVisualStudioVersion = 10.0.40219.1
Project("{FAE04EC0-301F-11D3-BF4B-00C04F79EFBC}") = "OtpProvider.WebApi", "OtpProvider.WebApi\OtpProvider.WebApi.csproj", "{F1DBC785-F6A4-4ABD-B926-12DC181022D2}"
EndProject
Global
	GlobalSection(SolutionConfigurationPlatforms) = preSolution
		Debug|Any CPU = Debug|Any CPU
		Release|Any CPU = Release|Any CPU
	EndGlobalSection
	GlobalSection(ProjectConfigurationPlatforms) = postSolution
		{F1DBC785-F6A4-4ABD-B926-12DC181022D2}.Debug|Any CPU.ActiveCfg = Debug|Any CPU
		{F1DBC785-F6A4-4ABD-B926-12DC181022D2}.Debug|Any CPU.Build.0 = Debug|Any CPU
		{F1DBC785-F6A4-4ABD-B926-12DC181022D2}.Release|Any CPU.ActiveCfg = Release|Any CPU
		{F1DBC785-F6A4-4ABD-B926-12DC181022D2}.Release|Any CPU.Build.0 = Release|Any CPU
	EndGlobalSection
	GlobalSection(SolutionProperties) = preSolution
		HideSolutionNode = FALSE
	EndGlobalSection
	GlobalSection(ExtensibilityGlobals) = postSolution
		SolutionGuid = {433478B3-D584-41E2-8697-45FE2C7DDE32}
	EndGlobalSection
EndGlobal
